
Microsoft Visual Studio Solution File, Format Version 12.00
# Visual Studio 15
VisualStudioVersion = 15.0.27004.2009
MinimumVisualStudioVersion = 10.0.40219.1
Project("{FAE04EC0-301F-11D3-BF4B-00C04F79EFBC}") = "ConsoleApp4", "ConsoleApp4\ConsoleApp4.csproj", "{F0F06E32-0A52-4EE2-AE42-4992A62D23EC}"
EndProject
Global
	GlobalSection(SolutionConfigurationPlatforms) = preSolution
		Debug|Any CPU = Debug|Any CPU
		Release|Any CPU = Release|Any CPU
	EndGlobalSection
	GlobalSection(ProjectConfigurationPlatforms) = postSolution
		{F0F06E32-0A52-4EE2-AE42-4992A62D23EC}.Debug|Any CPU.ActiveCfg = Debug|Any CPU
		{F0F06E32-0A52-4EE2-AE42-4992A62D23EC}.Debug|Any CPU.Build.0 = Debug|Any CPU
		{F0F06E32-0A52-4EE2-AE42-4992A62D23EC}.Release|Any CPU.ActiveCfg = Release|Any CPU
		{F0F06E32-0A52-4EE2-AE42-4992A62D23EC}.Release|Any CPU.Build.0 = Release|Any CPU
	EndGlobalSection
	GlobalSection(SolutionProperties) = preSolution
		HideSolutionNode = FALSE
	EndGlobalSection
	GlobalSection(ExtensibilityGlobals) = postSolution
		SolutionGuid = {3DBD10CD-54D3-41A4-9DA8-28C1CAC9696D}
	EndGlobalSection
EndGlobal
