
Microsoft Visual Studio Solution File, Format Version 12.00
# Visual Studio 2017
Project("{FAE04EC0-301F-11D3-BF4B-00C04F79EFBC}") = "2D_v0.2", "2D_v0.2.csproj", "{3BBB817C-42FE-884D-50F4-072041B71F49}"
EndProject
Global
	GlobalSection(SolutionConfigurationPlatforms) = preSolution
		Debug|Any CPU = Debug|Any CPU
		Release|Any CPU = Release|Any CPU
	EndGlobalSection
	GlobalSection(ProjectConfigurationPlatforms) = postSolution
		{3BBB817C-42FE-884D-50F4-072041B71F49}.Debug|Any CPU.ActiveCfg = Debug|Any CPU
		{3BBB817C-42FE-884D-50F4-072041B71F49}.Debug|Any CPU.Build.0 = Debug|Any CPU
		{3BBB817C-42FE-884D-50F4-072041B71F49}.Release|Any CPU.ActiveCfg = Release|Any CPU
		{3BBB817C-42FE-884D-50F4-072041B71F49}.Release|Any CPU.Build.0 = Release|Any CPU
	EndGlobalSection
	GlobalSection(SolutionProperties) = preSolution
		HideSolutionNode = FALSE
	EndGlobalSection
EndGlobal
